// !$*UTF8*$!
{
	archiveVersion = 1;
	classes = {
	};
	objectVersion = 77;
	objects = {

/* Begin PBXContainerItemProxy section */
		637781222CF1057D00E32D59 /* PBXContainerItemProxy */ = {
			isa = PBXContainerItemProxy;
			containerPortal = 637781092CF1057C00E32D59 /* Project object */;
			proxyType = 1;
			remoteGlobalIDString = 637781102CF1057C00E32D59;
			remoteInfo = News_App;
		};
		6377812C2CF1057D00E32D59 /* PBXContainerItemProxy */ = {
			isa = PBXContainerItemProxy;
			containerPortal = 637781092CF1057C00E32D59 /* Project object */;
			proxyType = 1;
			remoteGlobalIDString = 637781102CF1057C00E32D59;
			remoteInfo = News_App;
		};
/* End PBXContainerItemProxy section */

/* Begin PBXFileReference section */
		637781112CF1057C00E32D59 /* News_App.app */ = {isa = PBXFileReference; explicitFileType = wrapper.application; includeInIndex = 0; path = News_App.app; sourceTree = BUILT_PRODUCTS_DIR; };
		637781212CF1057D00E32D59 /* News_AppTests.xctest */ = {isa = PBXFileReference; explicitFileType = wrapper.cfbundle; includeInIndex = 0; path = News_AppTests.xctest; sourceTree = BUILT_PRODUCTS_DIR; };
		6377812B2CF1057D00E32D59 /* News_AppUITests.xctest */ = {isa = PBXFileReference; explicitFileType = wrapper.cfbundle; includeInIndex = 0; path = News_AppUITests.xctest; sourceTree = BUILT_PRODUCTS_DIR; };
/* End PBXFileReference section */

/* Begin PBXFileSystemSynchronizedRootGroup section */
		637781132CF1057C00E32D59 /* News_App */ = {
			isa = PBXFileSystemSynchronizedRootGroup;
			path = News_App;
			sourceTree = "<group>";
		};
		637781242CF1057D00E32D59 /* News_AppTests */ = {
			isa = PBXFileSystemSynchronizedRootGroup;
			path = News_AppTests;
			sourceTree = "<group>";
		};
		6377812E2CF1057D00E32D59 /* News_AppUITests */ = {
			isa = PBXFileSystemSynchronizedRootGroup;
			path = News_AppUITests;
			sourceTree = "<group>";
		};
/* End PBXFileSystemSynchronizedRootGroup section */

/* Begin PBXFrameworksBuildPhase section */
		6377810E2CF1057C00E32D59 /* Frameworks */ = {
			isa = PBXFrameworksBuildPhase;
			buildActionMask = 2147483647;
			files = (
			);
			runOnlyForDeploymentPostprocessing = 0;
		};
		6377811E2CF1057D00E32D59 /* Frameworks */ = {
			isa = PBXFrameworksBuildPhase;
			buildActionMask = 2147483647;
			files = (
			);
			runOnlyForDeploymentPostprocessing = 0;
		};
		637781282CF1057D00E32D59 /* Frameworks */ = {
			isa = PBXFrameworksBuildPhase;
			buildActionMask = 2147483647;
			files = (
			);
			runOnlyForDeploymentPostprocessing = 0;
		};
/* End PBXFrameworksBuildPhase section */

/* Begin PBXGroup section */
		637781082CF1057C00E32D59 = {
			isa = PBXGroup;
			children = (
				637781132CF1057C00E32D59 /* News_App */,
				637781242CF1057D00E32D59 /* News_AppTests */,
				6377812E2CF1057D00E32D59 /* News_AppUITests */,
				637781122CF1057C00E32D59 /* Products */,
			);
			sourceTree = "<group>";
		};
		637781122CF1057C00E32D59 /* Products */ = {
			isa = PBXGroup;
			children = (
				637781112CF1057C00E32D59 /* News_App.app */,
				637781212CF1057D00E32D59 /* News_AppTests.xctest */,
				6377812B2CF1057D00E32D59 /* News_AppUITests.xctest */,
			);
			name = Products;
			sourceTree = "<group>";
		};
/* End PBXGroup section */

/* Begin PBXNativeTarget section */
		637781102CF1057C00E32D59 /* News_App */ = {
			isa = PBXNativeTarget;
			buildConfigurationList = 637781352CF1057D00E32D59 /* Build configuration list for PBXNativeTarget "News_App" */;
			buildPhases = (
				6377810D2CF1057C00E32D59 /* Sources */,
				6377810E2CF1057C00E32D59 /* Frameworks */,
				6377810F2CF1057C00E32D59 /* Resources */,
			);
			buildRules = (
			);
			dependencies = (
			);
			fileSystemSynchronizedGroups = (
				637781132CF1057C00E32D59 /* News_App */,
			);
			name = News_App;
			packageProductDependencies = (
			);
			productName = News_App;
			productReference = 637781112CF1057C00E32D59 /* News_App.app */;
			productType = "com.apple.product-type.application";
		};
		637781202CF1057D00E32D59 /* News_AppTests */ = {
			isa = PBXNativeTarget;
			buildConfigurationList = 637781382CF1057D00E32D59 /* Build configuration list for PBXNativeTarget "News_AppTests" */;
			buildPhases = (
				6377811D2CF1057D00E32D59 /* Sources */,
				6377811E2CF1057D00E32D59 /* Frameworks */,
				6377811F2CF1057D00E32D59 /* Resources */,
			);
			buildRules = (
			);
			dependencies = (
				637781232CF1057D00E32D59 /* PBXTargetDependency */,
			);
			fileSystemSynchronizedGroups = (
				637781242CF1057D00E32D59 /* News_AppTests */,
			);
			name = News_AppTests;
			packageProductDependencies = (
			);
			productName = News_AppTests;
			productReference = 637781212CF1057D00E32D59 /* News_AppTests.xctest */;
			productType = "com.apple.product-type.bundle.unit-test";
		};
		6377812A2CF1057D00E32D59 /* News_AppUITests */ = {
			isa = PBXNativeTarget;
			buildConfigurationList = 6377813B2CF1057D00E32D59 /* Build configuration list for PBXNativeTarget "News_AppUITests" */;
			buildPhases = (
				637781272CF1057D00E32D59 /* Sources */,
				637781282CF1057D00E32D59 /* Frameworks */,
				637781292CF1057D00E32D59 /* Resources */,
			);
			buildRules = (
			);
			dependencies = (
				6377812D2CF1057D00E32D59 /* PBXTargetDependency */,
			);
			fileSystemSynchronizedGroups = (
				6377812E2CF1057D00E32D59 /* News_AppUITests */,
			);
			name = News_AppUITests;
			packageProductDependencies = (
			);
			productName = News_AppUITests;
			productReference = 6377812B2CF1057D00E32D59 /* News_AppUITests.xctest */;
			productType = "com.apple.product-type.bundle.ui-testing";
		};
/* End PBXNativeTarget section */

/* Begin PBXProject section */
		637781092CF1057C00E32D59 /* Project object */ = {
			isa = PBXProject;
			attributes = {
				BuildIndependentTargetsInParallel = 1;
				LastSwiftUpdateCheck = 1610;
				LastUpgradeCheck = 1610;
				TargetAttributes = {
					637781102CF1057C00E32D59 = {
						CreatedOnToolsVersion = 16.1;
					};
					637781202CF1057D00E32D59 = {
						CreatedOnToolsVersion = 16.1;
						TestTargetID = 637781102CF1057C00E32D59;
					};
					6377812A2CF1057D00E32D59 = {
						CreatedOnToolsVersion = 16.1;
						TestTargetID = 637781102CF1057C00E32D59;
					};
				};
			};
			buildConfigurationList = 6377810C2CF1057C00E32D59 /* Build configuration list for PBXProject "News_App" */;
			developmentRegion = en;
			hasScannedForEncodings = 0;
			knownRegions = (
				en,
				Base,
			);
			mainGroup = 637781082CF1057C00E32D59;
			minimizedProjectReferenceProxies = 1;
			preferredProjectObjectVersion = 77;
			productRefGroup = 637781122CF1057C00E32D59 /* Products */;
			projectDirPath = "";
			projectRoot = "";
			targets = (
				637781102CF1057C00E32D59 /* News_App */,
				637781202CF1057D00E32D59 /* News_AppTests */,
				6377812A2CF1057D00E32D59 /* News_AppUITests */,
			);
		};
/* End PBXProject section */

/* Begin PBXResourcesBuildPhase section */
		6377810F2CF1057C00E32D59 /* Resources */ = {
			isa = PBXResourcesBuildPhase;
			buildActionMask = 2147483647;
			files = (
			);
			runOnlyForDeploymentPostprocessing = 0;
		};
		6377811F2CF1057D00E32D59 /* Resources */ = {
			isa = PBXResourcesBuildPhase;
			buildActionMask = 2147483647;
			files = (
			);
			runOnlyForDeploymentPostprocessing = 0;
		};
		637781292CF1057D00E32D59 /* Resources */ = {
			isa = PBXResourcesBuildPhase;
			buildActionMask = 2147483647;
			files = (
			);
			runOnlyForDeploymentPostprocessing = 0;
		};
/* End PBXResourcesBuildPhase section */

/* Begin PBXSourcesBuildPhase section */
		6377810D2CF1057C00E32D59 /* Sources */ = {
			isa = PBXSourcesBuildPhase;
			buildActionMask = 2147483647;
			files = (
			);
			runOnlyForDeploymentPostprocessing = 0;
		};
		6377811D2CF1057D00E32D59 /* Sources */ = {
			isa = PBXSourcesBuildPhase;
			buildActionMask = 2147483647;
			files = (
			);
			runOnlyForDeploymentPostprocessing = 0;
		};
		637781272CF1057D00E32D59 /* Sources */ = {
			isa = PBXSourcesBuildPhase;
			buildActionMask = 2147483647;
			files = (
			);
			runOnlyForDeploymentPostprocessing = 0;
		};
/* End PBXSourcesBuildPhase section */

/* Begin PBXTargetDependency section */
		637781232CF1057D00E32D59 /* PBXTargetDependency */ = {
			isa = PBXTargetDependency;
			target = 637781102CF1057C00E32D59 /* News_App */;
			targetProxy = 637781222CF1057D00E32D59 /* PBXContainerItemProxy */;
		};
		6377812D2CF1057D00E32D59 /* PBXTargetDependency */ = {
			isa = PBXTargetDependency;
			target = 637781102CF1057C00E32D59 /* News_App */;
			targetProxy = 6377812C2CF1057D00E32D59 /* PBXContainerItemProxy */;
		};
/* End PBXTargetDependency section */

/* Begin XCBuildConfiguration section */
		637781332CF1057D00E32D59 /* Debug */ = {
			isa = XCBuildConfiguration;
			buildSettings = {
				ALWAYS_SEARCH_USER_PATHS = NO;
				ASSETCATALOG_COMPILER_GENERATE_SWIFT_ASSET_SYMBOL_EXTENSIONS = YES;
				CLANG_ANALYZER_NONNULL = YES;
				CLANG_ANALYZER_NUMBER_OBJECT_CONVERSION = YES_AGGRESSIVE;
				CLANG_CXX_LANGUAGE_STANDARD = "gnu++20";
				CLANG_ENABLE_MODULES = YES;
				CLANG_ENABLE_OBJC_ARC = YES;
				CLANG_ENABLE_OBJC_WEAK = YES;
				CLANG_WARN_BLOCK_CAPTURE_AUTORELEASING = YES;
				CLANG_WARN_BOOL_CONVERSION = YES;
				CLANG_WARN_COMMA = YES;
				CLANG_WARN_CONSTANT_CONVERSION = YES;
				CLANG_WARN_DEPRECATED_OBJC_IMPLEMENTATIONS = YES;
				CLANG_WARN_DIRECT_OBJC_ISA_USAGE = YES_ERROR;
				CLANG_WARN_DOCUMENTATION_COMMENTS = YES;
				CLANG_WARN_EMPTY_BODY = YES;
				CLANG_WARN_ENUM_CONVERSION = YES;
				CLANG_WARN_INFINITE_RECURSION = YES;
				CLANG_WARN_INT_CONVERSION = YES;
				CLANG_WARN_NON_LITERAL_NULL_CONVERSION = YES;
				CLANG_WARN_OBJC_IMPLICIT_RETAIN_SELF = YES;
				CLANG_WARN_OBJC_LITERAL_CONVERSION = YES;
				CLANG_WARN_OBJC_ROOT_CLASS = YES_ERROR;
				CLANG_WARN_QUOTED_INCLUDE_IN_FRAMEWORK_HEADER = YES;
				CLANG_WARN_RANGE_LOOP_ANALYSIS = YES;
				CLANG_WARN_STRICT_PROTOTYPES = YES;
				CLANG_WARN_SUSPICIOUS_MOVE = YES;
				CLANG_WARN_UNGUARDED_AVAILABILITY = YES_AGGRESSIVE;
				CLANG_WARN_UNREACHABLE_CODE = YES;
				CLANG_WARN__DUPLICATE_METHOD_MATCH = YES;
				COPY_PHASE_STRIP = NO;
				DEBUG_INFORMATION_FORMAT = dwarf;
				ENABLE_STRICT_OBJC_MSGSEND = YES;
				ENABLE_TESTABILITY = YES;
				ENABLE_USER_SCRIPT_SANDBOXING = YES;
				GCC_C_LANGUAGE_STANDARD = gnu17;
				GCC_DYNAMIC_NO_PIC = NO;
				GCC_NO_COMMON_BLOCKS = YES;
				GCC_OPTIMIZATION_LEVEL = 0;
				GCC_PREPROCESSOR_DEFINITIONS = (
					"DEBUG=1",
					"$(inherited)",
				);
				GCC_WARN_64_TO_32_BIT_CONVERSION = YES;
				GCC_WARN_ABOUT_RETURN_TYPE = YES_ERROR;
				GCC_WARN_UNDECLARED_SELECTOR = YES;
				GCC_WARN_UNINITIALIZED_AUTOS = YES_AGGRESSIVE;
				GCC_WARN_UNUSED_FUNCTION = YES;
				GCC_WARN_UNUSED_VARIABLE = YES;
				IPHONEOS_DEPLOYMENT_TARGET = 18.1;
				LOCALIZATION_PREFERS_STRING_CATALOGS = YES;
				MTL_ENABLE_DEBUG_INFO = INCLUDE_SOURCE;
				MTL_FAST_MATH = YES;
				ONLY_ACTIVE_ARCH = YES;
				SDKROOT = iphoneos;
				SWIFT_ACTIVE_COMPILATION_CONDITIONS = "DEBUG $(inherited)";
				SWIFT_OPTIMIZATION_LEVEL = "-Onone";
			};
			name = Debug;
		};
		637781342CF1057D00E32D59 /* Release */ = {
			isa = XCBuildConfiguration;
			buildSettings = {
				ALWAYS_SEARCH_USER_PATHS = NO;
				ASSETCATALOG_COMPILER_GENERATE_SWIFT_ASSET_SYMBOL_EXTENSIONS = YES;
				CLANG_ANALYZER_NONNULL = YES;
				CLANG_ANALYZER_NUMBER_OBJECT_CONVERSION = YES_AGGRESSIVE;
				CLANG_CXX_LANGUAGE_STANDARD = "gnu++20";
				CLANG_ENABLE_MODULES = YES;
				CLANG_ENABLE_OBJC_ARC = YES;
				CLANG_ENABLE_OBJC_WEAK = YES;
				CLANG_WARN_BLOCK_CAPTURE_AUTORELEASING = YES;
				CLANG_WARN_BOOL_CONVERSION = YES;
				CLANG_WARN_COMMA = YES;
				CLANG_WARN_CONSTANT_CONVERSION = YES;
				CLANG_WARN_DEPRECATED_OBJC_IMPLEMENTATIONS = YES;
				CLANG_WARN_DIRECT_OBJC_ISA_USAGE = YES_ERROR;
				CLANG_WARN_DOCUMENTATION_COMMENTS = YES;
				CLANG_WARN_EMPTY_BODY = YES;
				CLANG_WARN_ENUM_CONVERSION = YES;
				CLANG_WARN_INFINITE_RECURSION = YES;
				CLANG_WARN_INT_CONVERSION = YES;
				CLANG_WARN_NON_LITERAL_NULL_CONVERSION = YES;
				CLANG_WARN_OBJC_IMPLICIT_RETAIN_SELF = YES;
				CLANG_WARN_OBJC_LITERAL_CONVERSION = YES;
				CLANG_WARN_OBJC_ROOT_CLASS = YES_ERROR;
				CLANG_WARN_QUOTED_INCLUDE_IN_FRAMEWORK_HEADER = YES;
				CLANG_WARN_RANGE_LOOP_ANALYSIS = YES;
				CLANG_WARN_STRICT_PROTOTYPES = YES;
				CLANG_WARN_SUSPICIOUS_MOVE = YES;
				CLANG_WARN_UNGUARDED_AVAILABILITY = YES_AGGRESSIVE;
				CLANG_WARN_UNREACHABLE_CODE = YES;
				CLANG_WARN__DUPLICATE_METHOD_MATCH = YES;
				COPY_PHASE_STRIP = NO;
				DEBUG_INFORMATION_FORMAT = "dwarf-with-dsym";
				ENABLE_NS_ASSERTIONS = NO;
				ENABLE_STRICT_OBJC_MSGSEND = YES;
				ENABLE_USER_SCRIPT_SANDBOXING = YES;
				GCC_C_LANGUAGE_STANDARD = gnu17;
				GCC_NO_COMMON_BLOCKS = YES;
				GCC_WARN_64_TO_32_BIT_CONVERSION = YES;
				GCC_WARN_ABOUT_RETURN_TYPE = YES_ERROR;
				GCC_WARN_UNDECLARED_SELECTOR = YES;
				GCC_WARN_UNINITIALIZED_AUTOS = YES_AGGRESSIVE;
				GCC_WARN_UNUSED_FUNCTION = YES;
				GCC_WARN_UNUSED_VARIABLE = YES;
				IPHONEOS_DEPLOYMENT_TARGET = 18.1;
				LOCALIZATION_PREFERS_STRING_CATALOGS = YES;
				MTL_ENABLE_DEBUG_INFO = NO;
				MTL_FAST_MATH = YES;
				SDKROOT = iphoneos;
				SWIFT_COMPILATION_MODE = wholemodule;
				VALIDATE_PRODUCT = YES;
			};
			name = Release;
		};
		637781362CF1057D00E32D59 /* Debug */ = {
			isa = XCBuildConfiguration;
			buildSettings = {
				ASSETCATALOG_COMPILER_APPICON_NAME = AppIcon;
				ASSETCATALOG_COMPILER_GLOBAL_ACCENT_COLOR_NAME = AccentColor;
				CODE_SIGN_STYLE = Automatic;
				CURRENT_PROJECT_VERSION = 1;
				DEVELOPMENT_ASSET_PATHS = "\"News_App/Preview Content\"";
				DEVELOPMENT_TEAM = 9793D7F62C;
				ENABLE_PREVIEWS = YES;
				GENERATE_INFOPLIST_FILE = YES;
				INFOPLIST_KEY_UIApplicationSceneManifest_Generation = YES;
				INFOPLIST_KEY_UIApplicationSupportsIndirectInputEvents = YES;
				INFOPLIST_KEY_UILaunchScreen_Generation = YES;
				INFOPLIST_KEY_UISupportedInterfaceOrientations_iPad = "UIInterfaceOrientationPortrait UIInterfaceOrientationPortraitUpsideDown UIInterfaceOrientationLandscapeLeft UIInterfaceOrientationLandscapeRight";
				INFOPLIST_KEY_UISupportedInterfaceOrientations_iPhone = "UIInterfaceOrientationPortrait UIInterfaceOrientationLandscapeLeft UIInterfaceOrientationLandscapeRight";
				LD_RUNPATH_SEARCH_PATHS = (
					"$(inherited)",
					"@executable_path/Frameworks",
				);
				MARKETING_VERSION = 1.0;
				PRODUCT_BUNDLE_IDENTIFIER = "com.jedcodes.News-App";
				PRODUCT_NAME = "$(TARGET_NAME)";
				SWIFT_EMIT_LOC_STRINGS = YES;
				SWIFT_VERSION = 5.0;
				TARGETED_DEVICE_FAMILY = "1,2";
			};
			name = Debug;
		};
		637781372CF1057D00E32D59 /* Release */ = {
			isa = XCBuildConfiguration;
			buildSettings = {
				ASSETCATALOG_COMPILER_APPICON_NAME = AppIcon;
				ASSETCATALOG_COMPILER_GLOBAL_ACCENT_COLOR_NAME = AccentColor;
				CODE_SIGN_STYLE = Automatic;
				CURRENT_PROJECT_VERSION = 1;
				DEVELOPMENT_ASSET_PATHS = "\"News_App/Preview Content\"";
				DEVELOPMENT_TEAM = 9793D7F62C;
				ENABLE_PREVIEWS = YES;
				GENERATE_INFOPLIST_FILE = YES;
				INFOPLIST_KEY_UIApplicationSceneManifest_Generation = YES;
				INFOPLIST_KEY_UIApplicationSupportsIndirectInputEvents = YES;
				INFOPLIST_KEY_UILaunchScreen_Generation = YES;
				INFOPLIST_KEY_UISupportedInterfaceOrientations_iPad = "UIInterfaceOrientationPortrait UIInterfaceOrientationPortraitUpsideDown UIInterfaceOrientationLandscapeLeft UIInterfaceOrientationLandscapeRight";
				INFOPLIST_KEY_UISupportedInterfaceOrientations_iPhone = "UIInterfaceOrientationPortrait UIInterfaceOrientationLandscapeLeft UIInterfaceOrientationLandscapeRight";
				LD_RUNPATH_SEARCH_PATHS = (
					"$(inherited)",
					"@executable_path/Frameworks",
				);
				MARKETING_VERSION = 1.0;
				PRODUCT_BUNDLE_IDENTIFIER = "com.jedcodes.News-App";
				PRODUCT_NAME = "$(TARGET_NAME)";
				SWIFT_EMIT_LOC_STRINGS = YES;
				SWIFT_VERSION = 5.0;
				TARGETED_DEVICE_FAMILY = "1,2";
			};
			name = Release;
		};
		637781392CF1057D00E32D59 /* Debug */ = {
			isa = XCBuildConfiguration;
			buildSettings = {
				BUNDLE_LOADER = "$(TEST_HOST)";
				CODE_SIGN_STYLE = Automatic;
				CURRENT_PROJECT_VERSION = 1;
				DEVELOPMENT_TEAM = 9793D7F62C;
				GENERATE_INFOPLIST_FILE = YES;
				IPHONEOS_DEPLOYMENT_TARGET = 18.1;
				MARKETING_VERSION = 1.0;
				PRODUCT_BUNDLE_IDENTIFIER = "com.jedcodes.News-AppTests";
				PRODUCT_NAME = "$(TARGET_NAME)";
				SWIFT_EMIT_LOC_STRINGS = NO;
				SWIFT_VERSION = 5.0;
				TARGETED_DEVICE_FAMILY = "1,2";
				TEST_HOST = "$(BUILT_PRODUCTS_DIR)/News_App.app/$(BUNDLE_EXECUTABLE_FOLDER_PATH)/News_App";
			};
			name = Debug;
		};
		6377813A2CF1057D00E32D59 /* Release */ = {
			isa = XCBuildConfiguration;
			buildSettings = {
				BUNDLE_LOADER = "$(TEST_HOST)";
				CODE_SIGN_STYLE = Automatic;
				CURRENT_PROJECT_VERSION = 1;
				DEVELOPMENT_TEAM = 9793D7F62C;
				GENERATE_INFOPLIST_FILE = YES;
				IPHONEOS_DEPLOYMENT_TARGET = 18.1;
				MARKETING_VERSION = 1.0;
				PRODUCT_BUNDLE_IDENTIFIER = "com.jedcodes.News-AppTests";
				PRODUCT_NAME = "$(TARGET_NAME)";
				SWIFT_EMIT_LOC_STRINGS = NO;
				SWIFT_VERSION = 5.0;
				TARGETED_DEVICE_FAMILY = "1,2";
				TEST_HOST = "$(BUILT_PRODUCTS_DIR)/News_App.app/$(BUNDLE_EXECUTABLE_FOLDER_PATH)/News_App";
			};
			name = Release;
		};
		6377813C2CF1057D00E32D59 /* Debug */ = {
			isa = XCBuildConfiguration;
			buildSettings = {
				CODE_SIGN_STYLE = Automatic;
				CURRENT_PROJECT_VERSION = 1;
				DEVELOPMENT_TEAM = 9793D7F62C;
				GENERATE_INFOPLIST_FILE = YES;
				MARKETING_VERSION = 1.0;
				PRODUCT_BUNDLE_IDENTIFIER = "com.jedcodes.News-AppUITests";
				PRODUCT_NAME = "$(TARGET_NAME)";
				SWIFT_EMIT_LOC_STRINGS = NO;
				SWIFT_VERSION = 5.0;
				TARGETED_DEVICE_FAMILY = "1,2";
				TEST_TARGET_NAME = News_App;
			};
			name = Debug;
		};
		6377813D2CF1057D00E32D59 /* Release */ = {
			isa = XCBuildConfiguration;
			buildSettings = {
				CODE_SIGN_STYLE = Automatic;
				CURRENT_PROJECT_VERSION = 1;
				DEVELOPMENT_TEAM = 9793D7F62C;
				GENERATE_INFOPLIST_FILE = YES;
				MARKETING_VERSION = 1.0;
				PRODUCT_BUNDLE_IDENTIFIER = "com.jedcodes.News-AppUITests";
				PRODUCT_NAME = "$(TARGET_NAME)";
				SWIFT_EMIT_LOC_STRINGS = NO;
				SWIFT_VERSION = 5.0;
				TARGETED_DEVICE_FAMILY = "1,2";
				TEST_TARGET_NAME = News_App;
			};
			name = Release;
		};
/* End XCBuildConfiguration section */

/* Begin XCConfigurationList section */
		6377810C2CF1057C00E32D59 /* Build configuration list for PBXProject "News_App" */ = {
			isa = XCConfigurationList;
			buildConfigurations = (
				637781332CF1057D00E32D59 /* Debug */,
				637781342CF1057D00E32D59 /* Release */,
			);
			defaultConfigurationIsVisible = 0;
			defaultConfigurationName = Release;
		};
		637781352CF1057D00E32D59 /* Build configuration list for PBXNativeTarget "News_App" */ = {
			isa = XCConfigurationList;
			buildConfigurations = (
				637781362CF1057D00E32D59 /* Debug */,
				637781372CF1057D00E32D59 /* Release */,
			);
			defaultConfigurationIsVisible = 0;
			defaultConfigurationName = Release;
		};
		637781382CF1057D00E32D59 /* Build configuration list for PBXNativeTarget "News_AppTests" */ = {
			isa = XCConfigurationList;
			buildConfigurations = (
				637781392CF1057D00E32D59 /* Debug */,
				6377813A2CF1057D00E32D59 /* Release */,
			);
			defaultConfigurationIsVisible = 0;
			defaultConfigurationName = Release;
		};
		6377813B2CF1057D00E32D59 /* Build configuration list for PBXNativeTarget "News_AppUITests" */ = {
			isa = XCConfigurationList;
			buildConfigurations = (
				6377813C2CF1057D00E32D59 /* Debug */,
				6377813D2CF1057D00E32D59 /* Release */,
			);
			defaultConfigurationIsVisible = 0;
			defaultConfigurationName = Release;
		};
/* End XCConfigurationList section */
	};
	rootObject = 637781092CF1057C00E32D59 /* Project object */;
}
